
Microsoft Visual Studio Solution File, Format Version 12.00
# Visual Studio Version 16
VisualStudioVersion = 16.0.30523.141
MinimumVisualStudioVersion = 10.0.40219.1
Project("{FAE04EC0-301F-11D3-BF4B-00C04F79EFBC}") = "Your-Favorite-Music", "Your-Favorite-Music\Your-Favorite-Music.csproj", "{1E8CA33A-2DDA-47FE-9159-A3F4090A6027}"
EndProject
Global
	GlobalSection(SolutionConfigurationPlatforms) = preSolution
		Debug|Any CPU = Debug|Any CPU
		Release|Any CPU = Release|Any CPU
	EndGlobalSection
	GlobalSection(ProjectConfigurationPlatforms) = postSolution
		{1E8CA33A-2DDA-47FE-9159-A3F4090A6027}.Debug|Any CPU.ActiveCfg = Debug|Any CPU
		{1E8CA33A-2DDA-47FE-9159-A3F4090A6027}.Debug|Any CPU.Build.0 = Debug|Any CPU
		{1E8CA33A-2DDA-47FE-9159-A3F4090A6027}.Release|Any CPU.ActiveCfg = Release|Any CPU
		{1E8CA33A-2DDA-47FE-9159-A3F4090A6027}.Release|Any CPU.Build.0 = Release|Any CPU
	EndGlobalSection
	GlobalSection(SolutionProperties) = preSolution
		HideSolutionNode = FALSE
	EndGlobalSection
	GlobalSection(ExtensibilityGlobals) = postSolution
		SolutionGuid = {C0117832-5CFD-41EC-98FA-B63FA7789411}
	EndGlobalSection
EndGlobal
